
Microsoft Visual Studio Solution File, Format Version 12.00
# Visual Studio Version 17
VisualStudioVersion = 17.11.35219.272
MinimumVisualStudioVersion = 10.0.40219.1
Project("{9A19103F-16F7-4668-BE54-9A1E7A4F7556}") = "FirstWPFApplication", "FirstWPFApplication\FirstWPFApplication.csproj", "{AED9FF89-3631-467E-8E51-CF2ECD455773}"
EndProject
Project("{9A19103F-16F7-4668-BE54-9A1E7A4F7556}") = "WPF-Classes&Files", "WPF-Classes&Files\WPF-Classes&Files.csproj", "{6BC700AA-7AED-46A3-B272-42480D44E736}"
EndProject
Project("{9A19103F-16F7-4668-BE54-9A1E7A4F7556}") = "WPF-Classes&Files2", "WPF-Classes&Files2\WPF-Classes&Files2.csproj", "{0A9C6A19-D910-42EA-BF58-BE2DDA7DA7C9}"
EndProject
Project("{9A19103F-16F7-4668-BE54-9A1E7A4F7556}") = "JSON-From_A_File_2", "JSON-From_A_File_2\JSON-From_A_File_2.csproj", "{F9E045C9-7DE5-41DF-989F-67DF3D3C592A}"
EndProject
Project("{FAE04EC0-301F-11D3-BF4B-00C04F79EFBC}") = "JSON-Chuck_Norris_Joke", "JSON-Chuck_Norris_Joke\JSON-Chuck_Norris_Joke.csproj", "{82AB2C23-2558-4981-BED9-69A1C42FA9BA}"
EndProject
Global
	GlobalSection(SolutionConfigurationPlatforms) = preSolution
		Debug|Any CPU = Debug|Any CPU
		Release|Any CPU = Release|Any CPU
	EndGlobalSection
	GlobalSection(ProjectConfigurationPlatforms) = postSolution
		{AED9FF89-3631-467E-8E51-CF2ECD455773}.Debug|Any CPU.ActiveCfg = Debug|Any CPU
		{AED9FF89-3631-467E-8E51-CF2ECD455773}.Debug|Any CPU.Build.0 = Debug|Any CPU
		{AED9FF89-3631-467E-8E51-CF2ECD455773}.Release|Any CPU.ActiveCfg = Release|Any CPU
		{AED9FF89-3631-467E-8E51-CF2ECD455773}.Release|Any CPU.Build.0 = Release|Any CPU
		{6BC700AA-7AED-46A3-B272-42480D44E736}.Debug|Any CPU.ActiveCfg = Debug|Any CPU
		{6BC700AA-7AED-46A3-B272-42480D44E736}.Debug|Any CPU.Build.0 = Debug|Any CPU
		{6BC700AA-7AED-46A3-B272-42480D44E736}.Release|Any CPU.ActiveCfg = Release|Any CPU
		{6BC700AA-7AED-46A3-B272-42480D44E736}.Release|Any CPU.Build.0 = Release|Any CPU
		{0A9C6A19-D910-42EA-BF58-BE2DDA7DA7C9}.Debug|Any CPU.ActiveCfg = Debug|Any CPU
		{0A9C6A19-D910-42EA-BF58-BE2DDA7DA7C9}.Debug|Any CPU.Build.0 = Debug|Any CPU
		{0A9C6A19-D910-42EA-BF58-BE2DDA7DA7C9}.Release|Any CPU.ActiveCfg = Release|Any CPU
		{0A9C6A19-D910-42EA-BF58-BE2DDA7DA7C9}.Release|Any CPU.Build.0 = Release|Any CPU
		{F9E045C9-7DE5-41DF-989F-67DF3D3C592A}.Debug|Any CPU.ActiveCfg = Debug|Any CPU
		{F9E045C9-7DE5-41DF-989F-67DF3D3C592A}.Debug|Any CPU.Build.0 = Debug|Any CPU
		{F9E045C9-7DE5-41DF-989F-67DF3D3C592A}.Release|Any CPU.ActiveCfg = Release|Any CPU
		{F9E045C9-7DE5-41DF-989F-67DF3D3C592A}.Release|Any CPU.Build.0 = Release|Any CPU
		{82AB2C23-2558-4981-BED9-69A1C42FA9BA}.Debug|Any CPU.ActiveCfg = Debug|Any CPU
		{82AB2C23-2558-4981-BED9-69A1C42FA9BA}.Debug|Any CPU.Build.0 = Debug|Any CPU
		{82AB2C23-2558-4981-BED9-69A1C42FA9BA}.Release|Any CPU.ActiveCfg = Release|Any CPU
		{82AB2C23-2558-4981-BED9-69A1C42FA9BA}.Release|Any CPU.Build.0 = Release|Any CPU
	EndGlobalSection
	GlobalSection(SolutionProperties) = preSolution
		HideSolutionNode = FALSE
	EndGlobalSection
	GlobalSection(ExtensibilityGlobals) = postSolution
		SolutionGuid = {5254CCF7-9876-4E15-869F-23A97B2A4727}
	EndGlobalSection
EndGlobal
